
Microsoft Visual Studio Solution File, Format Version 12.00
# Visual Studio Version 16
VisualStudioVersion = 16.0.31911.196
MinimumVisualStudioVersion = 10.0.40219.1
Project("{9A19103F-16F7-4668-BE54-9A1E7A4F7556}") = "AdminService", "AdminService\AdminService.csproj", "{7B301970-558F-43C5-A3C3-95D761529EA1}"
EndProject
Global
	GlobalSection(SolutionConfigurationPlatforms) = preSolution
		Debug|Any CPU = Debug|Any CPU
		Release|Any CPU = Release|Any CPU
	EndGlobalSection
	GlobalSection(ProjectConfigurationPlatforms) = postSolution
		{7B301970-558F-43C5-A3C3-95D761529EA1}.Debug|Any CPU.ActiveCfg = Debug|Any CPU
		{7B301970-558F-43C5-A3C3-95D761529EA1}.Debug|Any CPU.Build.0 = Debug|Any CPU
		{7B301970-558F-43C5-A3C3-95D761529EA1}.Release|Any CPU.ActiveCfg = Release|Any CPU
		{7B301970-558F-43C5-A3C3-95D761529EA1}.Release|Any CPU.Build.0 = Release|Any CPU
	EndGlobalSection
	GlobalSection(SolutionProperties) = preSolution
		HideSolutionNode = FALSE
	EndGlobalSection
	GlobalSection(ExtensibilityGlobals) = postSolution
		SolutionGuid = {2C157251-E656-4865-B11F-B8A825149181}
	EndGlobalSection
EndGlobal
